{
  "name": "grpcnode",
  "version": "1.0.0",
  "lockfileVersion": 1,
  "requires": true,
  "dependencies": {
    "google-protobuf": {
      "version": "3.11.0-rc.2",
      "resolved": "https://registry.npmjs.org/google-protobuf/-/google-protobuf-3.11.0-rc.2.tgz",
      "integrity": "sha512-xnTxIDmEFeT5IlD0os1jO0qim7FRnoMCweW6uGZQUYpdjj1uMQCc/2AzfUM56hfVdP7dsd6cpgjEy8AXm//eiw=="
    }
  }
}
